PODS:
  - Flutter (1.0.0)
  - plugin_demo (0.0.1):
    - Flutter

DEPENDENCIES:
  - Flutter (from `Flutter`)
  - plugin_demo (from `.symlinks/plugins/plugin_demo/ios`)

EXTERNAL SOURCES:
  Flutter:
    :path: Flutter
  plugin_demo:
    :path: ".symlinks/plugins/plugin_demo/ios"

SPEC CHECKSUMS:
  Flutter: 434fef37c0980e73bb6479ef766c45957d4b510c
  plugin_demo: 04641716cc533ed7529cee6890ffad3f337954e1

PODFILE CHECKSUM: aafe91acc616949ddb318b77800a7f51bffa2a4c

COCOAPODS: 1.10.1
